Microsoft Visual Studio Solution File, Format Version 12.00
# Visual Studio Version 17
VisualStudioVersion = 17.9.34607.119
MinimumVisualStudioVersion = 16.0.0.0
Project("{9A19103F-16F7-4668-BE54-9A1E7A4F7556}") = "RefByProject.Windows", "RefByProject.Windows\RefByProject.Windows.csproj", "{E1955DFF-EFE3-4CDE-8ADE-7916C9E58141}"
EndProject
Project("{9A19103F-16F7-4668-BE54-9A1E7A4F7556}") = "ExternalPackage1", "ExternalPackage1\ExternalPackage1.csproj", "{0B7746F7-A917-4CF4-8B13-8D94D303A129}"
EndProject
Project("{9A19103F-16F7-4668-BE54-9A1E7A4F7556}") = "RefByProject", "RefByProject\RefByProject.csproj", "{0C733FE5-EEC3-4058-988B-91191147C336}"
EndProject
Global
	GlobalSection(SolutionConfigurationPlatforms) = preSolution
		Debug|Any CPU = Debug|Any CPU
		Release|Any CPU = Release|Any CPU
	EndGlobalSection
	GlobalSection(ProjectConfigurationPlatforms) = postSolution
		{E1955DFF-EFE3-4CDE-8ADE-7916C9E58141}.Debug|Any CPU.ActiveCfg = Debug|Any CPU
		{E1955DFF-EFE3-4CDE-8ADE-7916C9E58141}.Debug|Any CPU.Build.0 = Debug|Any CPU
		{E1955DFF-EFE3-4CDE-8ADE-7916C9E58141}.Release|Any CPU.ActiveCfg = Release|Any CPU
		{E1955DFF-EFE3-4CDE-8ADE-7916C9E58141}.Release|Any CPU.Build.0 = Release|Any CPU
		{0B7746F7-A917-4CF4-8B13-8D94D303A129}.Debug|Any CPU.ActiveCfg = Debug|Any CPU
		{0B7746F7-A917-4CF4-8B13-8D94D303A129}.Debug|Any CPU.Build.0 = Debug|Any CPU
		{0B7746F7-A917-4CF4-8B13-8D94D303A129}.Release|Any CPU.ActiveCfg = Release|Any CPU
		{0B7746F7-A917-4CF4-8B13-8D94D303A129}.Release|Any CPU.Build.0 = Release|Any CPU
		{0C733FE5-EEC3-4058-988B-91191147C336}.Debug|Any CPU.ActiveCfg = Debug|Any CPU
		{0C733FE5-EEC3-4058-988B-91191147C336}.Debug|Any CPU.Build.0 = Debug|Any CPU
		{0C733FE5-EEC3-4058-988B-91191147C336}.Release|Any CPU.ActiveCfg = Release|Any CPU
		{0C733FE5-EEC3-4058-988B-91191147C336}.Release|Any CPU.Build.0 = Release|Any CPU
	EndGlobalSection
	GlobalSection(SolutionProperties) = preSolution
		HideSolutionNode = FALSE
	EndGlobalSection
	GlobalSection(ExtensibilityGlobals) = postSolution
		SolutionGuid = {83317D3A-C937-4B4D-BAAC-9F914EFEC6CD}
	EndGlobalSection
EndGlobal
